
Microsoft Visual Studio Solution File, Format Version 12.00
# Visual Studio Version 17
VisualStudioVersion = 17.2.32616.157
MinimumVisualStudioVersion = 10.0.40219.1
Project("{FAE04EC0-301F-11D3-BF4B-00C04F79EFBC}") = "BenchmarkLibrary", "BenchmarkLibrary\BenchmarkLibrary.csproj", "{173441CE-E43A-43BD-9456-384BFE2A7D9D}"
EndProject
Project("{FAE04EC0-301F-11D3-BF4B-00C04F79EFBC}") = "AdminApp", "AdminApp\AdminApp.csproj", "{EFEE120D-CA7A-4DF7-B0E5-EC139EF93074}"
EndProject
Project("{FAE04EC0-301F-11D3-BF4B-00C04F79EFBC}") = "CompanyApp", "CompanyApp\CompanyApp.csproj", "{82A94B99-91BC-4389-B05B-006BBAC8187C}"
EndProject
Global
	GlobalSection(SolutionConfigurationPlatforms) = preSolution
		Debug|Any CPU = Debug|Any CPU
		Release|Any CPU = Release|Any CPU
	EndGlobalSection
	GlobalSection(ProjectConfigurationPlatforms) = postSolution
		{173441CE-E43A-43BD-9456-384BFE2A7D9D}.Debug|Any CPU.ActiveCfg = Debug|Any CPU
		{173441CE-E43A-43BD-9456-384BFE2A7D9D}.Debug|Any CPU.Build.0 = Debug|Any CPU
		{173441CE-E43A-43BD-9456-384BFE2A7D9D}.Release|Any CPU.ActiveCfg = Release|Any CPU
		{173441CE-E43A-43BD-9456-384BFE2A7D9D}.Release|Any CPU.Build.0 = Release|Any CPU
		{EFEE120D-CA7A-4DF7-B0E5-EC139EF93074}.Debug|Any CPU.ActiveCfg = Debug|Any CPU
		{EFEE120D-CA7A-4DF7-B0E5-EC139EF93074}.Debug|Any CPU.Build.0 = Debug|Any CPU
		{EFEE120D-CA7A-4DF7-B0E5-EC139EF93074}.Release|Any CPU.ActiveCfg = Release|Any CPU
		{EFEE120D-CA7A-4DF7-B0E5-EC139EF93074}.Release|Any CPU.Build.0 = Release|Any CPU
		{82A94B99-91BC-4389-B05B-006BBAC8187C}.Debug|Any CPU.ActiveCfg = Debug|Any CPU
		{82A94B99-91BC-4389-B05B-006BBAC8187C}.Debug|Any CPU.Build.0 = Debug|Any CPU
		{82A94B99-91BC-4389-B05B-006BBAC8187C}.Release|Any CPU.ActiveCfg = Release|Any CPU
		{82A94B99-91BC-4389-B05B-006BBAC8187C}.Release|Any CPU.Build.0 = Release|Any CPU
	EndGlobalSection
	GlobalSection(SolutionProperties) = preSolution
		HideSolutionNode = FALSE
	EndGlobalSection
	GlobalSection(ExtensibilityGlobals) = postSolution
		SolutionGuid = {268DBB17-8869-4E75-BCD8-560270148A30}
	EndGlobalSection
EndGlobal
